
Microsoft Visual Studio Solution File, Format Version 12.00
# Visual Studio 2015
Project("{FAE04EC0-301F-11D3-BF4B-00C04F79EFBC}") = "RuntimeUnitTestToolkit", "RuntimeUnitTestToolkit.csproj", "{7DF747E5-BD62-316C-B495-1843737ABB3D}"
EndProject
Global
	GlobalSection(SolutionConfigurationPlatforms) = preSolution
		Debug|Any CPU = Debug|Any CPU
		Release|Any CPU = Release|Any CPU
	EndGlobalSection
	GlobalSection(ProjectConfigurationPlatforms) = postSolution
		{7DF747E5-BD62-316C-B495-1843737ABB3D}.Debug|Any CPU.ActiveCfg = Debug|Any CPU
		{7DF747E5-BD62-316C-B495-1843737ABB3D}.Debug|Any CPU.Build.0 = Debug|Any CPU
		{7DF747E5-BD62-316C-B495-1843737ABB3D}.Release|Any CPU.ActiveCfg = Release|Any CPU
		{7DF747E5-BD62-316C-B495-1843737ABB3D}.Release|Any CPU.Build.0 = Release|Any CPU
	EndGlobalSection
	GlobalSection(SolutionProperties) = preSolution
		HideSolutionNode = FALSE
	EndGlobalSection
EndGlobal
