
Microsoft Visual Studio Solution File, Format Version 12.00
# Visual Studio 16
Project("{FAE04EC0-301F-11D3-BF4B-00C04F79EFBC}") = "RuntimeUnitTestToolkit", "RuntimeUnitTestToolkit.csproj", "{F600090F-84ED-4371-4A5C-8C7E3CA30E28}"
EndProject
Project("{FAE04EC0-301F-11D3-BF4B-00C04F79EFBC}") = "Tests", "Tests.csproj", "{582DF385-10FD-06B1-98D8-E0DDDA9B9F77}"
EndProject
Project("{FAE04EC0-301F-11D3-BF4B-00C04F79EFBC}") = "Assembly-CSharp-Editor", "Assembly-CSharp-Editor.csproj", "{3E11C11D-0819-F8B2-8894-5CF029DF83E9}"
EndProject
Global
	GlobalSection(SolutionConfigurationPlatforms) = preSolution
		Debug|Any CPU = Debug|Any CPU
		Release|Any CPU = Release|Any CPU
	EndGlobalSection
	GlobalSection(ProjectConfigurationPlatforms) = postSolution
		{F600090F-84ED-4371-4A5C-8C7E3CA30E28}.Debug|Any CPU.ActiveCfg = Debug|Any CPU
		{F600090F-84ED-4371-4A5C-8C7E3CA30E28}.Debug|Any CPU.Build.0 = Debug|Any CPU
		{F600090F-84ED-4371-4A5C-8C7E3CA30E28}.Release|Any CPU.ActiveCfg = Release|Any CPU
		{F600090F-84ED-4371-4A5C-8C7E3CA30E28}.Release|Any CPU.Build.0 = Release|Any CPU
		{582DF385-10FD-06B1-98D8-E0DDDA9B9F77}.Debug|Any CPU.ActiveCfg = Debug|Any CPU
		{582DF385-10FD-06B1-98D8-E0DDDA9B9F77}.Debug|Any CPU.Build.0 = Debug|Any CPU
		{582DF385-10FD-06B1-98D8-E0DDDA9B9F77}.Release|Any CPU.ActiveCfg = Release|Any CPU
		{582DF385-10FD-06B1-98D8-E0DDDA9B9F77}.Release|Any CPU.Build.0 = Release|Any CPU
		{3E11C11D-0819-F8B2-8894-5CF029DF83E9}.Debug|Any CPU.ActiveCfg = Debug|Any CPU
		{3E11C11D-0819-F8B2-8894-5CF029DF83E9}.Debug|Any CPU.Build.0 = Debug|Any CPU
		{3E11C11D-0819-F8B2-8894-5CF029DF83E9}.Release|Any CPU.ActiveCfg = Release|Any CPU
		{3E11C11D-0819-F8B2-8894-5CF029DF83E9}.Release|Any CPU.Build.0 = Release|Any CPU
	EndGlobalSection
	GlobalSection(SolutionProperties) = preSolution
		HideSolutionNode = FALSE
	EndGlobalSection
EndGlobal
